
Microsoft Visual Studio Solution File, Format Version 12.00
# Visual Studio Version 16
VisualStudioVersion = 16.0.30204.135
MinimumVisualStudioVersion = 10.0.40219.1
Project("{FAE04EC0-301F-11D3-BF4B-00C04F79EFBC}") = "SalesWebMvc", "SalesWebMvc\SalesWebMvc.csproj", "{E26FC4C1-0619-4A6C-A184-A7D8B6772EE6}"
EndProject
Global
	GlobalSection(SolutionConfigurationPlatforms) = preSolution
		Debug|Any CPU = Debug|Any CPU
		Release|Any CPU = Release|Any CPU
	EndGlobalSection
	GlobalSection(ProjectConfigurationPlatforms) = postSolution
		{E26FC4C1-0619-4A6C-A184-A7D8B6772EE6}.Debug|Any CPU.ActiveCfg = Debug|Any CPU
		{E26FC4C1-0619-4A6C-A184-A7D8B6772EE6}.Debug|Any CPU.Build.0 = Debug|Any CPU
		{E26FC4C1-0619-4A6C-A184-A7D8B6772EE6}.Release|Any CPU.ActiveCfg = Release|Any CPU
		{E26FC4C1-0619-4A6C-A184-A7D8B6772EE6}.Release|Any CPU.Build.0 = Release|Any CPU
	EndGlobalSection
	GlobalSection(SolutionProperties) = preSolution
		HideSolutionNode = FALSE
	EndGlobalSection
	GlobalSection(ExtensibilityGlobals) = postSolution
		SolutionGuid = {06A32845-49F8-4193-9709-72E264EF5EB1}
	EndGlobalSection
EndGlobal
